
Microsoft Visual Studio Solution File, Format Version 12.00
# Visual Studio Version 18
VisualStudioVersion = 18.4.11626.88 stable
MinimumVisualStudioVersion = 10.0.40219.1
Project("{FAE04EC0-301F-11D3-BF4B-00C04F79EFBC}") = "DinoScapeMelonMod", "DinoScapeMelonMod\DinoScapeMelonMod.csproj", "{6FF8D92A-A9A9-498F-A000-78B7E226CC38}"
EndProject
Project("{FAE04EC0-301F-11D3-BF4B-00C04F79EFBC}") = "DinoScape-Server", "DinoScape-Server\DinoScape-Server.csproj", "{717B98E8-A44A-49CA-A5B8-AE69D55A10B8}"
EndProject
Global
	GlobalSection(SolutionConfigurationPlatforms) = preSolution
		Release|Any CPU = Release|Any CPU
	EndGlobalSection
	GlobalSection(ProjectConfigurationPlatforms) = postSolution
		{6FF8D92A-A9A9-498F-A000-78B7E226CC38}.Release|Any CPU.ActiveCfg = Release|Any CPU
		{6FF8D92A-A9A9-498F-A000-78B7E226CC38}.Release|Any CPU.Build.0 = Release|Any CPU
		{717B98E8-A44A-49CA-A5B8-AE69D55A10B8}.Release|Any CPU.ActiveCfg = Release|Any CPU
		{717B98E8-A44A-49CA-A5B8-AE69D55A10B8}.Release|Any CPU.Build.0 = Release|Any CPU
	EndGlobalSection
	GlobalSection(SolutionProperties) = preSolution
		HideSolutionNode = FALSE
	EndGlobalSection
	GlobalSection(ExtensibilityGlobals) = postSolution
		SolutionGuid = {BB1E14EF-4814-4DA7-8C93-3115CEC2C2FD}
	EndGlobalSection
EndGlobal
